Microsoft Visual Studio Solution File, Format Version 12.00
# Visual Studio 15
Project("{8BC9CEB8-8B4A-11D0-8D11-00A0C91BC942}") = "ALL_BUILD", "ALL_BUILD.vcxproj", "{3327F533-71B7-311D-A449-B24929B19310}"
	ProjectSection(ProjectDependencies) = postProject
		{A57D1B72-0BD1-35C1-93CE-291794221BCB} = {A57D1B72-0BD1-35C1-93CE-291794221BCB}
		{02BDC8FD-81EE-3AF9-8D6B-D0F4D585509C} = {02BDC8FD-81EE-3AF9-8D6B-D0F4D585509C}
		{5B367826-7622-387F-93AF-FA12932F8F22} = {5B367826-7622-387F-93AF-FA12932F8F22}
		{38AB05C7-6D12-364A-A88B-21079825E241} = {38AB05C7-6D12-364A-A88B-21079825E241}
		{FD885CDC-DD6F-35AE-9B7D-785EC0723EF8} = {FD885CDC-DD6F-35AE-9B7D-785EC0723EF8}
		{9613DF89-2B2A-3ADC-8BC8-1134507B6D3F} = {9613DF89-2B2A-3ADC-8BC8-1134507B6D3F}
	EndProjectSection
EndProject
Project("{8BC9CEB8-8B4A-11D0-8D11-00A0C91BC942}") = "INSTALL", "INSTALL.vcxproj", "{D448C453-6BD4-3939-8538-B2FC5C2F63E5}"
	ProjectSection(ProjectDependencies) = postProject
		{3327F533-71B7-311D-A449-B24929B19310} = {3327F533-71B7-311D-A449-B24929B19310}
		{A57D1B72-0BD1-35C1-93CE-291794221BCB} = {A57D1B72-0BD1-35C1-93CE-291794221BCB}
	EndProjectSection
EndProject
Project("{8BC9CEB8-8B4A-11D0-8D11-00A0C91BC942}") = "ZERO_CHECK", "ZERO_CHECK.vcxproj", "{A57D1B72-0BD1-35C1-93CE-291794221BCB}"
	ProjectSection(ProjectDependencies) = postProject
	EndProjectSection
EndProject
Project("{8BC9CEB8-8B4A-11D0-8D11-00A0C91BC942}") = "ork", "ork\ork.vcxproj", "{02BDC8FD-81EE-3AF9-8D6B-D0F4D585509C}"
	ProjectSection(ProjectDependencies) = postProject
		{A57D1B72-0BD1-35C1-93CE-291794221BCB} = {A57D1B72-0BD1-35C1-93CE-291794221BCB}
		{FD885CDC-DD6F-35AE-9B7D-785EC0723EF8} = {FD885CDC-DD6F-35AE-9B7D-785EC0723EF8}
		{9613DF89-2B2A-3ADC-8BC8-1134507B6D3F} = {9613DF89-2B2A-3ADC-8BC8-1134507B6D3F}
	EndProjectSection
EndProject
Project("{8BC9CEB8-8B4A-11D0-8D11-00A0C91BC942}") = "ork-examples", "examples\ork-examples.vcxproj", "{5B367826-7622-387F-93AF-FA12932F8F22}"
	ProjectSection(ProjectDependencies) = postProject
		{A57D1B72-0BD1-35C1-93CE-291794221BCB} = {A57D1B72-0BD1-35C1-93CE-291794221BCB}
		{02BDC8FD-81EE-3AF9-8D6B-D0F4D585509C} = {02BDC8FD-81EE-3AF9-8D6B-D0F4D585509C}
		{FD885CDC-DD6F-35AE-9B7D-785EC0723EF8} = {FD885CDC-DD6F-35AE-9B7D-785EC0723EF8}
		{9613DF89-2B2A-3ADC-8BC8-1134507B6D3F} = {9613DF89-2B2A-3ADC-8BC8-1134507B6D3F}
	EndProjectSection
EndProject
Project("{8BC9CEB8-8B4A-11D0-8D11-00A0C91BC942}") = "ork-test", "test\ork-test.vcxproj", "{38AB05C7-6D12-364A-A88B-21079825E241}"
	ProjectSection(ProjectDependencies) = postProject
		{A57D1B72-0BD1-35C1-93CE-291794221BCB} = {A57D1B72-0BD1-35C1-93CE-291794221BCB}
		{02BDC8FD-81EE-3AF9-8D6B-D0F4D585509C} = {02BDC8FD-81EE-3AF9-8D6B-D0F4D585509C}
		{FD885CDC-DD6F-35AE-9B7D-785EC0723EF8} = {FD885CDC-DD6F-35AE-9B7D-785EC0723EF8}
		{9613DF89-2B2A-3ADC-8BC8-1134507B6D3F} = {9613DF89-2B2A-3ADC-8BC8-1134507B6D3F}
	EndProjectSection
EndProject
Project("{8BC9CEB8-8B4A-11D0-8D11-00A0C91BC942}") = "stb_image", "libraries\stbi\stb_image.vcxproj", "{FD885CDC-DD6F-35AE-9B7D-785EC0723EF8}"
	ProjectSection(ProjectDependencies) = postProject
		{A57D1B72-0BD1-35C1-93CE-291794221BCB} = {A57D1B72-0BD1-35C1-93CE-291794221BCB}
	EndProjectSection
EndProject
Project("{8BC9CEB8-8B4A-11D0-8D11-00A0C91BC942}") = "tinyxml", "libraries\tinyxml\tinyxml.vcxproj", "{9613DF89-2B2A-3ADC-8BC8-1134507B6D3F}"
	ProjectSection(ProjectDependencies) = postProject
		{A57D1B72-0BD1-35C1-93CE-291794221BCB} = {A57D1B72-0BD1-35C1-93CE-291794221BCB}
	EndProjectSection
EndProject
Global
	GlobalSection(SolutionConfigurationPlatforms) = preSolution
		Debug|Win32 = Debug|Win32
		Release|Win32 = Release|Win32
		MinSizeRel|Win32 = MinSizeRel|Win32
		RelWithDebInfo|Win32 = RelWithDebInfo|Win32
	EndGlobalSection
	GlobalSection(ProjectConfigurationPlatforms) = postSolution
		{3327F533-71B7-311D-A449-B24929B19310}.Debug|Win32.ActiveCfg = Debug|Win32
		{3327F533-71B7-311D-A449-B24929B19310}.Debug|Win32.Build.0 = Debug|Win32
		{3327F533-71B7-311D-A449-B24929B19310}.Release|Win32.ActiveCfg = Release|Win32
		{3327F533-71B7-311D-A449-B24929B19310}.Release|Win32.Build.0 = Release|Win32
		{3327F533-71B7-311D-A449-B24929B19310}.MinSizeRel|Win32.ActiveCfg = MinSizeRel|Win32
		{3327F533-71B7-311D-A449-B24929B19310}.MinSizeRel|Win32.Build.0 = MinSizeRel|Win32
		{3327F533-71B7-311D-A449-B24929B19310}.RelWithDebInfo|Win32.ActiveCfg = RelWithDebInfo|Win32
		{3327F533-71B7-311D-A449-B24929B19310}.RelWithDebInfo|Win32.Build.0 = RelWithDebInfo|Win32
		{D448C453-6BD4-3939-8538-B2FC5C2F63E5}.Debug|Win32.ActiveCfg = Debug|Win32
		{D448C453-6BD4-3939-8538-B2FC5C2F63E5}.Release|Win32.ActiveCfg = Release|Win32
		{D448C453-6BD4-3939-8538-B2FC5C2F63E5}.MinSizeRel|Win32.ActiveCfg = MinSizeRel|Win32
		{D448C453-6BD4-3939-8538-B2FC5C2F63E5}.RelWithDebInfo|Win32.ActiveCfg = RelWithDebInfo|Win32
		{A57D1B72-0BD1-35C1-93CE-291794221BCB}.Debug|Win32.ActiveCfg = Debug|Win32
		{A57D1B72-0BD1-35C1-93CE-291794221BCB}.Debug|Win32.Build.0 = Debug|Win32
		{A57D1B72-0BD1-35C1-93CE-291794221BCB}.Release|Win32.ActiveCfg = Release|Win32
		{A57D1B72-0BD1-35C1-93CE-291794221BCB}.Release|Win32.Build.0 = Release|Win32
		{A57D1B72-0BD1-35C1-93CE-291794221BCB}.MinSizeRel|Win32.ActiveCfg = MinSizeRel|Win32
		{A57D1B72-0BD1-35C1-93CE-291794221BCB}.MinSizeRel|Win32.Build.0 = MinSizeRel|Win32
		{A57D1B72-0BD1-35C1-93CE-291794221BCB}.RelWithDebInfo|Win32.ActiveCfg = RelWithDebInfo|Win32
		{A57D1B72-0BD1-35C1-93CE-291794221BCB}.RelWithDebInfo|Win32.Build.0 = RelWithDebInfo|Win32
		{02BDC8FD-81EE-3AF9-8D6B-D0F4D585509C}.Debug|Win32.ActiveCfg = Debug|Win32
		{02BDC8FD-81EE-3AF9-8D6B-D0F4D585509C}.Debug|Win32.Build.0 = Debug|Win32
		{02BDC8FD-81EE-3AF9-8D6B-D0F4D585509C}.Release|Win32.ActiveCfg = Release|Win32
		{02BDC8FD-81EE-3AF9-8D6B-D0F4D585509C}.Release|Win32.Build.0 = Release|Win32
		{02BDC8FD-81EE-3AF9-8D6B-D0F4D585509C}.MinSizeRel|Win32.ActiveCfg = MinSizeRel|Win32
		{02BDC8FD-81EE-3AF9-8D6B-D0F4D585509C}.MinSizeRel|Win32.Build.0 = MinSizeRel|Win32
		{02BDC8FD-81EE-3AF9-8D6B-D0F4D585509C}.RelWithDebInfo|Win32.ActiveCfg = RelWithDebInfo|Win32
		{02BDC8FD-81EE-3AF9-8D6B-D0F4D585509C}.RelWithDebInfo|Win32.Build.0 = RelWithDebInfo|Win32
		{5B367826-7622-387F-93AF-FA12932F8F22}.Debug|Win32.ActiveCfg = Debug|Win32
		{5B367826-7622-387F-93AF-FA12932F8F22}.Debug|Win32.Build.0 = Debug|Win32
		{5B367826-7622-387F-93AF-FA12932F8F22}.Release|Win32.ActiveCfg = Release|Win32
		{5B367826-7622-387F-93AF-FA12932F8F22}.Release|Win32.Build.0 = Release|Win32
		{5B367826-7622-387F-93AF-FA12932F8F22}.MinSizeRel|Win32.ActiveCfg = MinSizeRel|Win32
		{5B367826-7622-387F-93AF-FA12932F8F22}.MinSizeRel|Win32.Build.0 = MinSizeRel|Win32
		{5B367826-7622-387F-93AF-FA12932F8F22}.RelWithDebInfo|Win32.ActiveCfg = RelWithDebInfo|Win32
		{5B367826-7622-387F-93AF-FA12932F8F22}.RelWithDebInfo|Win32.Build.0 = RelWithDebInfo|Win32
		{38AB05C7-6D12-364A-A88B-21079825E241}.Debug|Win32.ActiveCfg = Debug|Win32
		{38AB05C7-6D12-364A-A88B-21079825E241}.Debug|Win32.Build.0 = Debug|Win32
		{38AB05C7-6D12-364A-A88B-21079825E241}.Release|Win32.ActiveCfg = Release|Win32
		{38AB05C7-6D12-364A-A88B-21079825E241}.Release|Win32.Build.0 = Release|Win32
		{38AB05C7-6D12-364A-A88B-21079825E241}.MinSizeRel|Win32.ActiveCfg = MinSizeRel|Win32
		{38AB05C7-6D12-364A-A88B-21079825E241}.MinSizeRel|Win32.Build.0 = MinSizeRel|Win32
		{38AB05C7-6D12-364A-A88B-21079825E241}.RelWithDebInfo|Win32.ActiveCfg = RelWithDebInfo|Win32
		{38AB05C7-6D12-364A-A88B-21079825E241}.RelWithDebInfo|Win32.Build.0 = RelWithDebInfo|Win32
		{FD885CDC-DD6F-35AE-9B7D-785EC0723EF8}.Debug|Win32.ActiveCfg = Debug|Win32
		{FD885CDC-DD6F-35AE-9B7D-785EC0723EF8}.Debug|Win32.Build.0 = Debug|Win32
		{FD885CDC-DD6F-35AE-9B7D-785EC0723EF8}.Release|Win32.ActiveCfg = Release|Win32
		{FD885CDC-DD6F-35AE-9B7D-785EC0723EF8}.Release|Win32.Build.0 = Release|Win32
		{FD885CDC-DD6F-35AE-9B7D-785EC0723EF8}.MinSizeRel|Win32.ActiveCfg = MinSizeRel|Win32
		{FD885CDC-DD6F-35AE-9B7D-785EC0723EF8}.MinSizeRel|Win32.Build.0 = MinSizeRel|Win32
		{FD885CDC-DD6F-35AE-9B7D-785EC0723EF8}.RelWithDebInfo|Win32.ActiveCfg = RelWithDebInfo|Win32
		{FD885CDC-DD6F-35AE-9B7D-785EC0723EF8}.RelWithDebInfo|Win32.Build.0 = RelWithDebInfo|Win32
		{9613DF89-2B2A-3ADC-8BC8-1134507B6D3F}.Debug|Win32.ActiveCfg = Debug|Win32
		{9613DF89-2B2A-3ADC-8BC8-1134507B6D3F}.Debug|Win32.Build.0 = Debug|Win32
		{9613DF89-2B2A-3ADC-8BC8-1134507B6D3F}.Release|Win32.ActiveCfg = Release|Win32
		{9613DF89-2B2A-3ADC-8BC8-1134507B6D3F}.Release|Win32.Build.0 = Release|Win32
		{9613DF89-2B2A-3ADC-8BC8-1134507B6D3F}.MinSizeRel|Win32.ActiveCfg = MinSizeRel|Win32
		{9613DF89-2B2A-3ADC-8BC8-1134507B6D3F}.MinSizeRel|Win32.Build.0 = MinSizeRel|Win32
		{9613DF89-2B2A-3ADC-8BC8-1134507B6D3F}.RelWithDebInfo|Win32.ActiveCfg = RelWithDebInfo|Win32
		{9613DF89-2B2A-3ADC-8BC8-1134507B6D3F}.RelWithDebInfo|Win32.Build.0 = RelWithDebInfo|Win32
	EndGlobalSection
	GlobalSection(ExtensibilityGlobals) = postSolution
		SolutionGuid = {0CEA74D3-782E-3A46-8005-1D54892C12D9}
	EndGlobalSection
	GlobalSection(ExtensibilityAddIns) = postSolution
	EndGlobalSection
EndGlobal
