<?xml version="1.0" encoding="utf-8"?>
<Project ToolsVersion="15.0" xmlns="http://schemas.microsoft.com/developer/msbuild/2003">
  <ItemGroup>
    <ClCompile Include="F:\github\new_proland_cmake\Proland_dev\terrain\sources\proland\TerrainPlugin.cpp">
      <Filter>Source Files</Filter>
    </ClCompile>
    <ClCompile Include="F:\github\new_proland_cmake\Proland_dev\terrain\sources\proland\dem\CPUElevationProducer.cpp">
      <Filter>Source Files</Filter>
    </ClCompile>
    <ClCompile Include="F:\github\new_proland_cmake\Proland_dev\terrain\sources\proland\dem\ElevationProducer.cpp">
      <Filter>Source Files</Filter>
    </ClCompile>
    <ClCompile Include="F:\github\new_proland_cmake\Proland_dev\terrain\sources\proland\dem\NormalProducer.cpp">
      <Filter>Source Files</Filter>
    </ClCompile>
    <ClCompile Include="F:\github\new_proland_cmake\Proland_dev\terrain\sources\proland\dem\ResidualProducer.cpp">
      <Filter>Source Files</Filter>
    </ClCompile>
    <ClCompile Include="F:\github\new_proland_cmake\Proland_dev\terrain\sources\proland\ortho\EmptyOrthoLayer.cpp">
      <Filter>Source Files</Filter>
    </ClCompile>
    <ClCompile Include="F:\github\new_proland_cmake\Proland_dev\terrain\sources\proland\ortho\OrthoCPUProducer.cpp">
      <Filter>Source Files</Filter>
    </ClCompile>
    <ClCompile Include="F:\github\new_proland_cmake\Proland_dev\terrain\sources\proland\ortho\OrthoGPUProducer.cpp">
      <Filter>Source Files</Filter>
    </ClCompile>
    <ClCompile Include="F:\github\new_proland_cmake\Proland_dev\terrain\sources\proland\ortho\OrthoProducer.cpp">
      <Filter>Source Files</Filter>
    </ClCompile>
    <ClCompile Include="F:\github\new_proland_cmake\Proland_dev\terrain\sources\proland\ortho\TextureLayer.cpp">
      <Filter>Source Files</Filter>
    </ClCompile>
    <ClCompile Include="F:\github\new_proland_cmake\Proland_dev\terrain\sources\proland\preprocess\terrain\AbstractTileCache.cpp">
      <Filter>Source Files</Filter>
    </ClCompile>
    <ClCompile Include="F:\github\new_proland_cmake\Proland_dev\terrain\sources\proland\preprocess\terrain\ApertureMipmap.cpp">
      <Filter>Source Files</Filter>
    </ClCompile>
    <ClCompile Include="F:\github\new_proland_cmake\Proland_dev\terrain\sources\proland\preprocess\terrain\ColorMipmap.cpp">
      <Filter>Source Files</Filter>
    </ClCompile>
    <ClCompile Include="F:\github\new_proland_cmake\Proland_dev\terrain\sources\proland\preprocess\terrain\HeightMipmap.cpp">
      <Filter>Source Files</Filter>
    </ClCompile>
    <ClCompile Include="F:\github\new_proland_cmake\Proland_dev\terrain\sources\proland\preprocess\terrain\Preprocess.cpp">
      <Filter>Source Files</Filter>
    </ClCompile>
    <ClCompile Include="F:\github\new_proland_cmake\Proland_dev\terrain\sources\proland\preprocess\terrain\Util.cpp">
      <Filter>Source Files</Filter>
    </ClCompile>
  </ItemGroup>
  <ItemGroup>
    <CustomBuild Include="F:\github\new_proland_cmake\Proland_dev\terrain\sources\proland\CMakeLists.txt" />
  </ItemGroup>
  <ItemGroup>
    <Filter Include="Source Files">
      <UniqueIdentifier>{70537FCF-6EEF-3623-BE49-1FA56817F9F6}</UniqueIdentifier>
    </Filter>
  </ItemGroup>
</Project>
