<?xml version="1.0" encoding="utf-8"?>
<Project ToolsVersion="15.0" xmlns="http://schemas.microsoft.com/developer/msbuild/2003">
  <ItemGroup>
    <ClCompile Include="F:\github\new_proland_cmake\ork\examples\GLFWTest.cpp">
      <Filter>Source Files</Filter>
    </ClCompile>
    <ClCompile Include="F:\github\new_proland_cmake\ork\examples\Main.cpp">
      <Filter>Source Files</Filter>
    </ClCompile>
    <ClCompile Include="F:\github\new_proland_cmake\ork\examples\MinimalExampleGLFW.cpp">
      <Filter>Source Files</Filter>
    </ClCompile>
    <ClCompile Include="F:\github\new_proland_cmake\ork\examples\RenderExampleGLFW.cpp">
      <Filter>Source Files</Filter>
    </ClCompile>
    <ClCompile Include="F:\github\new_proland_cmake\ork\examples\ResourceExample.cpp">
      <Filter>Source Files</Filter>
    </ClCompile>
    <ClCompile Include="F:\github\new_proland_cmake\ork\examples\SceneGraphExampleGLFW.cpp">
      <Filter>Source Files</Filter>
    </ClCompile>
    <ClCompile Include="F:\github\new_proland_cmake\ork\examples\SceneGraphResourceExampleGLFW.cpp">
      <Filter>Source Files</Filter>
    </ClCompile>
    <ClCompile Include="F:\github\new_proland_cmake\ork\examples\TessellationExample.cpp">
      <Filter>Source Files</Filter>
    </ClCompile>
  </ItemGroup>
  <ItemGroup>
    <CustomBuild Include="F:\github\new_proland_cmake\ork\examples\CMakeLists.txt" />
  </ItemGroup>
  <ItemGroup>
    <Filter Include="Source Files">
      <UniqueIdentifier>{20AA8D75-C87B-3C35-9789-3F63CECCE6D6}</UniqueIdentifier>
    </Filter>
  </ItemGroup>
</Project>
