<?xml version="1.0" encoding="utf-8"?>
<Project ToolsVersion="15.0" xmlns="http://schemas.microsoft.com/developer/msbuild/2003">
  <ItemGroup>
    <ClCompile Include="F:\github\new_proland_cmake\Proland_dev\river\sources\proland\RiverPlugin.cpp">
      <Filter>Source Files</Filter>
    </ClCompile>
    <ClCompile Include="F:\github\new_proland_cmake\Proland_dev\river\sources\proland\rivers\AnimatedPerlinWaveTile.cpp">
      <Filter>Source Files</Filter>
    </ClCompile>
    <ClCompile Include="F:\github\new_proland_cmake\Proland_dev\river\sources\proland\rivers\DrawRiversTask.cpp">
      <Filter>Source Files</Filter>
    </ClCompile>
    <ClCompile Include="F:\github\new_proland_cmake\Proland_dev\river\sources\proland\rivers\HydroFlowProducer.cpp">
      <Filter>Source Files</Filter>
    </ClCompile>
    <ClCompile Include="F:\github\new_proland_cmake\Proland_dev\river\sources\proland\rivers\HydroFlowTile.cpp">
      <Filter>Source Files</Filter>
    </ClCompile>
    <ClCompile Include="F:\github\new_proland_cmake\Proland_dev\river\sources\proland\rivers\PerlinWaveTile.cpp">
      <Filter>Source Files</Filter>
    </ClCompile>
    <ClCompile Include="F:\github\new_proland_cmake\Proland_dev\river\sources\proland\rivers\UpdateRiversTask.cpp">
      <Filter>Source Files</Filter>
    </ClCompile>
    <ClCompile Include="F:\github\new_proland_cmake\Proland_dev\river\sources\proland\rivers\WaveTile.cpp">
      <Filter>Source Files</Filter>
    </ClCompile>
    <ClCompile Include="F:\github\new_proland_cmake\Proland_dev\river\sources\proland\rivers\graph\HydroCurve.cpp">
      <Filter>Source Files</Filter>
    </ClCompile>
    <ClCompile Include="F:\github\new_proland_cmake\Proland_dev\river\sources\proland\rivers\graph\HydroGraph.cpp">
      <Filter>Source Files</Filter>
    </ClCompile>
    <ClCompile Include="F:\github\new_proland_cmake\Proland_dev\river\sources\proland\rivers\graph\HydroGraphFactory.cpp">
      <Filter>Source Files</Filter>
    </ClCompile>
    <ClCompile Include="F:\github\new_proland_cmake\Proland_dev\river\sources\proland\rivers\graph\LazyHydroCurve.cpp">
      <Filter>Source Files</Filter>
    </ClCompile>
    <ClCompile Include="F:\github\new_proland_cmake\Proland_dev\river\sources\proland\rivers\graph\LazyHydroGraph.cpp">
      <Filter>Source Files</Filter>
    </ClCompile>
    <ClCompile Include="F:\github\new_proland_cmake\Proland_dev\river\sources\proland\rivers\graph\LazyHydroGraphFactory.cpp">
      <Filter>Source Files</Filter>
    </ClCompile>
  </ItemGroup>
  <ItemGroup>
    <CustomBuild Include="F:\github\new_proland_cmake\Proland_dev\river\sources\proland\CMakeLists.txt" />
  </ItemGroup>
  <ItemGroup>
    <Filter Include="Source Files">
      <UniqueIdentifier>{70537FCF-6EEF-3623-BE49-1FA56817F9F6}</UniqueIdentifier>
    </Filter>
  </ItemGroup>
</Project>
