<?xml version="1.0" encoding="utf-8"?>
<Project ToolsVersion="15.0" xmlns="http://schemas.microsoft.com/developer/msbuild/2003">
  <ItemGroup>
    <CustomBuild Include="F:\github\new_proland_cmake\ork\vs_sln\CMakeFiles\326e3263bf43a4f8030aae90aefe4f3a\INSTALL_force.rule">
      <Filter>CMake Rules</Filter>
    </CustomBuild>
  </ItemGroup>
  <ItemGroup>
    <Filter Include="CMake Rules">
      <UniqueIdentifier>{820ACA46-5624-312C-9364-E577349C9D78}</UniqueIdentifier>
    </Filter>
  </ItemGroup>
</Project>
