<?xml version="1.0" encoding="utf-8"?>
<Project ToolsVersion="15.0" xmlns="http://schemas.microsoft.com/developer/msbuild/2003">
  <ItemGroup>
    <ClCompile Include="F:\github\new_proland_cmake\ork\ork\core\FileLogger.cpp">
      <Filter>Source Files</Filter>
    </ClCompile>
    <ClCompile Include="F:\github\new_proland_cmake\ork\ork\core\GPUTimer.cpp">
      <Filter>Source Files</Filter>
    </ClCompile>
    <ClCompile Include="F:\github\new_proland_cmake\ork\ork\core\Logger.cpp">
      <Filter>Source Files</Filter>
    </ClCompile>
    <ClCompile Include="F:\github\new_proland_cmake\ork\ork\core\Object.cpp">
      <Filter>Source Files</Filter>
    </ClCompile>
    <ClCompile Include="F:\github\new_proland_cmake\ork\ork\core\Timer.cpp">
      <Filter>Source Files</Filter>
    </ClCompile>
    <ClCompile Include="F:\github\new_proland_cmake\ork\ork\math\half.cpp">
      <Filter>Source Files</Filter>
    </ClCompile>
    <ClCompile Include="F:\github\new_proland_cmake\ork\ork\render\AttributeBuffer.cpp">
      <Filter>Source Files</Filter>
    </ClCompile>
    <ClCompile Include="F:\github\new_proland_cmake\ork\ork\render\Buffer.cpp">
      <Filter>Source Files</Filter>
    </ClCompile>
    <ClCompile Include="F:\github\new_proland_cmake\ork\ork\render\CPUBuffer.cpp">
      <Filter>Source Files</Filter>
    </ClCompile>
    <ClCompile Include="F:\github\new_proland_cmake\ork\ork\render\FrameBuffer.cpp">
      <Filter>Source Files</Filter>
    </ClCompile>
    <ClCompile Include="F:\github\new_proland_cmake\ork\ork\render\GPUBuffer.cpp">
      <Filter>Source Files</Filter>
    </ClCompile>
    <ClCompile Include="F:\github\new_proland_cmake\ork\ork\render\MeshBuffers.cpp">
      <Filter>Source Files</Filter>
    </ClCompile>
    <ClCompile Include="F:\github\new_proland_cmake\ork\ork\render\Module.cpp">
      <Filter>Source Files</Filter>
    </ClCompile>
    <ClCompile Include="F:\github\new_proland_cmake\ork\ork\render\Program.cpp">
      <Filter>Source Files</Filter>
    </ClCompile>
    <ClCompile Include="F:\github\new_proland_cmake\ork\ork\render\Query.cpp">
      <Filter>Source Files</Filter>
    </ClCompile>
    <ClCompile Include="F:\github\new_proland_cmake\ork\ork\render\RenderBuffer.cpp">
      <Filter>Source Files</Filter>
    </ClCompile>
    <ClCompile Include="F:\github\new_proland_cmake\ork\ork\render\Sampler.cpp">
      <Filter>Source Files</Filter>
    </ClCompile>
    <ClCompile Include="F:\github\new_proland_cmake\ork\ork\render\Texture.cpp">
      <Filter>Source Files</Filter>
    </ClCompile>
    <ClCompile Include="F:\github\new_proland_cmake\ork\ork\render\Texture1D.cpp">
      <Filter>Source Files</Filter>
    </ClCompile>
    <ClCompile Include="F:\github\new_proland_cmake\ork\ork\render\Texture1DArray.cpp">
      <Filter>Source Files</Filter>
    </ClCompile>
    <ClCompile Include="F:\github\new_proland_cmake\ork\ork\render\Texture2D.cpp">
      <Filter>Source Files</Filter>
    </ClCompile>
    <ClCompile Include="F:\github\new_proland_cmake\ork\ork\render\Texture2DArray.cpp">
      <Filter>Source Files</Filter>
    </ClCompile>
    <ClCompile Include="F:\github\new_proland_cmake\ork\ork\render\Texture2DMultisample.cpp">
      <Filter>Source Files</Filter>
    </ClCompile>
    <ClCompile Include="F:\github\new_proland_cmake\ork\ork\render\Texture2DMultisampleArray.cpp">
      <Filter>Source Files</Filter>
    </ClCompile>
    <ClCompile Include="F:\github\new_proland_cmake\ork\ork\render\Texture3D.cpp">
      <Filter>Source Files</Filter>
    </ClCompile>
    <ClCompile Include="F:\github\new_proland_cmake\ork\ork\render\TextureBuffer.cpp">
      <Filter>Source Files</Filter>
    </ClCompile>
    <ClCompile Include="F:\github\new_proland_cmake\ork\ork\render\TextureCube.cpp">
      <Filter>Source Files</Filter>
    </ClCompile>
    <ClCompile Include="F:\github\new_proland_cmake\ork\ork\render\TextureCubeArray.cpp">
      <Filter>Source Files</Filter>
    </ClCompile>
    <ClCompile Include="F:\github\new_proland_cmake\ork\ork\render\TextureRectangle.cpp">
      <Filter>Source Files</Filter>
    </ClCompile>
    <ClCompile Include="F:\github\new_proland_cmake\ork\ork\render\TransformFeedback.cpp">
      <Filter>Source Files</Filter>
    </ClCompile>
    <ClCompile Include="F:\github\new_proland_cmake\ork\ork\render\Types.cpp">
      <Filter>Source Files</Filter>
    </ClCompile>
    <ClCompile Include="F:\github\new_proland_cmake\ork\ork\render\Uniform.cpp">
      <Filter>Source Files</Filter>
    </ClCompile>
    <ClCompile Include="F:\github\new_proland_cmake\ork\ork\render\Value.cpp">
      <Filter>Source Files</Filter>
    </ClCompile>
    <ClCompile Include="F:\github\new_proland_cmake\ork\ork\resource\CompiledResourceLoader.cpp">
      <Filter>Source Files</Filter>
    </ClCompile>
    <ClCompile Include="F:\github\new_proland_cmake\ork\ork\resource\Resource.cpp">
      <Filter>Source Files</Filter>
    </ClCompile>
    <ClCompile Include="F:\github\new_proland_cmake\ork\ork\resource\ResourceCompiler.cpp">
      <Filter>Source Files</Filter>
    </ClCompile>
    <ClCompile Include="F:\github\new_proland_cmake\ork\ork\resource\ResourceDescriptor.cpp">
      <Filter>Source Files</Filter>
    </ClCompile>
    <ClCompile Include="F:\github\new_proland_cmake\ork\ork\resource\ResourceFactory.cpp">
      <Filter>Source Files</Filter>
    </ClCompile>
    <ClCompile Include="F:\github\new_proland_cmake\ork\ork\resource\ResourceLoader.cpp">
      <Filter>Source Files</Filter>
    </ClCompile>
    <ClCompile Include="F:\github\new_proland_cmake\ork\ork\resource\ResourceManager.cpp">
      <Filter>Source Files</Filter>
    </ClCompile>
    <ClCompile Include="F:\github\new_proland_cmake\ork\ork\resource\XMLResourceLoader.cpp">
      <Filter>Source Files</Filter>
    </ClCompile>
    <ClCompile Include="F:\github\new_proland_cmake\ork\ork\scenegraph\AbstractTask.cpp">
      <Filter>Source Files</Filter>
    </ClCompile>
    <ClCompile Include="F:\github\new_proland_cmake\ork\ork\scenegraph\CallMethodTask.cpp">
      <Filter>Source Files</Filter>
    </ClCompile>
    <ClCompile Include="F:\github\new_proland_cmake\ork\ork\scenegraph\DrawMeshTask.cpp">
      <Filter>Source Files</Filter>
    </ClCompile>
    <ClCompile Include="F:\github\new_proland_cmake\ork\ork\scenegraph\LoopTask.cpp">
      <Filter>Source Files</Filter>
    </ClCompile>
    <ClCompile Include="F:\github\new_proland_cmake\ork\ork\scenegraph\Method.cpp">
      <Filter>Source Files</Filter>
    </ClCompile>
    <ClCompile Include="F:\github\new_proland_cmake\ork\ork\scenegraph\SceneManager.cpp">
      <Filter>Source Files</Filter>
    </ClCompile>
    <ClCompile Include="F:\github\new_proland_cmake\ork\ork\scenegraph\SceneNode.cpp">
      <Filter>Source Files</Filter>
    </ClCompile>
    <ClCompile Include="F:\github\new_proland_cmake\ork\ork\scenegraph\SequenceTask.cpp">
      <Filter>Source Files</Filter>
    </ClCompile>
    <ClCompile Include="F:\github\new_proland_cmake\ork\ork\scenegraph\SetProgramTask.cpp">
      <Filter>Source Files</Filter>
    </ClCompile>
    <ClCompile Include="F:\github\new_proland_cmake\ork\ork\scenegraph\SetStateTask.cpp">
      <Filter>Source Files</Filter>
    </ClCompile>
    <ClCompile Include="F:\github\new_proland_cmake\ork\ork\scenegraph\SetTargetTask.cpp">
      <Filter>Source Files</Filter>
    </ClCompile>
    <ClCompile Include="F:\github\new_proland_cmake\ork\ork\scenegraph\SetTransformsTask.cpp">
      <Filter>Source Files</Filter>
    </ClCompile>
    <ClCompile Include="F:\github\new_proland_cmake\ork\ork\scenegraph\ShowInfoTask.cpp">
      <Filter>Source Files</Filter>
    </ClCompile>
    <ClCompile Include="F:\github\new_proland_cmake\ork\ork\scenegraph\ShowLogTask.cpp">
      <Filter>Source Files</Filter>
    </ClCompile>
    <ClCompile Include="F:\github\new_proland_cmake\ork\ork\taskgraph\MultithreadScheduler.cpp">
      <Filter>Source Files</Filter>
    </ClCompile>
    <ClCompile Include="F:\github\new_proland_cmake\ork\ork\taskgraph\Scheduler.cpp">
      <Filter>Source Files</Filter>
    </ClCompile>
    <ClCompile Include="F:\github\new_proland_cmake\ork\ork\taskgraph\Task.cpp">
      <Filter>Source Files</Filter>
    </ClCompile>
    <ClCompile Include="F:\github\new_proland_cmake\ork\ork\taskgraph\TaskFactory.cpp">
      <Filter>Source Files</Filter>
    </ClCompile>
    <ClCompile Include="F:\github\new_proland_cmake\ork\ork\taskgraph\TaskGraph.cpp">
      <Filter>Source Files</Filter>
    </ClCompile>
    <ClCompile Include="F:\github\new_proland_cmake\ork\ork\ui\DebugCallback.cpp">
      <Filter>Source Files</Filter>
    </ClCompile>
    <ClCompile Include="F:\github\new_proland_cmake\ork\ork\ui\EventHandler.cpp">
      <Filter>Source Files</Filter>
    </ClCompile>
    <ClCompile Include="F:\github\new_proland_cmake\ork\ork\ui\GlfwWindow.cpp">
      <Filter>Source Files</Filter>
    </ClCompile>
    <ClCompile Include="F:\github\new_proland_cmake\ork\ork\ui\Window.cpp">
      <Filter>Source Files</Filter>
    </ClCompile>
    <ClCompile Include="F:\github\new_proland_cmake\ork\ork\util\Font.cpp">
      <Filter>Source Files</Filter>
    </ClCompile>
  </ItemGroup>
  <ItemGroup>
    <CustomBuild Include="F:\github\new_proland_cmake\ork\ork\CMakeLists.txt" />
  </ItemGroup>
  <ItemGroup>
    <Filter Include="Source Files">
      <UniqueIdentifier>{20AA8D75-C87B-3C35-9789-3F63CECCE6D6}</UniqueIdentifier>
    </Filter>
  </ItemGroup>
</Project>
