Microsoft Visual Studio Solution File, Format Version 12.00
# Visual Studio 15
VisualStudioVersion = 15.0.28307.539
MinimumVisualStudioVersion = 10.0.40219.1
Project("{8BC9CEB8-8B4A-11D0-8D11-00A0C91BC942}") = "ALL_BUILD", "ALL_BUILD.vcxproj", "{31E057BD-4367-3DA0-A3F4-A559E34EE51D}"
	ProjectSection(ProjectDependencies) = postProject
		{B00AD509-3605-3D6D-9F55-FE37D4908450} = {B00AD509-3605-3D6D-9F55-FE37D4908450}
		{55F61F17-7647-36E1-9623-B5D9733F0B73} = {55F61F17-7647-36E1-9623-B5D9733F0B73}
		{AC6CFA31-EEAA-3A90-ADCC-B436F4B44FD0} = {AC6CFA31-EEAA-3A90-ADCC-B436F4B44FD0}
		{CEA81932-F323-3EEB-B02F-17BB50DC722D} = {CEA81932-F323-3EEB-B02F-17BB50DC722D}
		{2F42AB36-89D4-3F26-8C22-D95393C28B52} = {2F42AB36-89D4-3F26-8C22-D95393C28B52}
		{2CF02D37-9744-3D34-9A58-D1DC2BBF5D08} = {2CF02D37-9744-3D34-9A58-D1DC2BBF5D08}
		{AA627038-221C-3630-BF1D-8AF020CB844E} = {AA627038-221C-3630-BF1D-8AF020CB844E}
		{1F82863E-0CA3-3CE9-9644-C7B0F51843B8} = {1F82863E-0CA3-3CE9-9644-C7B0F51843B8}
		{11F4E340-209C-3164-BB0C-E84B6C9FB8FA} = {11F4E340-209C-3164-BB0C-E84B6C9FB8FA}
		{8516AD45-8DC9-3DAE-85A8-CB9AE4C6B493} = {8516AD45-8DC9-3DAE-85A8-CB9AE4C6B493}
		{9F1A3358-AA18-3168-8B39-B3315135F6F8} = {9F1A3358-AA18-3168-8B39-B3315135F6F8}
		{2D236062-91A0-3CAD-ACED-4051AC6E5F4D} = {2D236062-91A0-3CAD-ACED-4051AC6E5F4D}
		{4F45026E-B54B-343D-B05D-8E5F44FCE41E} = {4F45026E-B54B-343D-B05D-8E5F44FCE41E}
		{7C1BDA76-06FF-3381-8EC6-9F853D1D42B4} = {7C1BDA76-06FF-3381-8EC6-9F853D1D42B4}
		{2373E577-FA1D-3631-9539-AB72F20A5AA1} = {2373E577-FA1D-3631-9539-AB72F20A5AA1}
		{EA25CB7F-DE50-39F5-A907-10374614CA72} = {EA25CB7F-DE50-39F5-A907-10374614CA72}
		{A3A77892-D47E-3AF8-A890-FB3C286D46D1} = {A3A77892-D47E-3AF8-A890-FB3C286D46D1}
		{3D2CAD92-FAA2-34A6-828F-A7F341F1C8FC} = {3D2CAD92-FAA2-34A6-828F-A7F341F1C8FC}
		{4FF5B399-54C4-3F2E-8BAE-D4433AFB9451} = {4FF5B399-54C4-3F2E-8BAE-D4433AFB9451}
		{44408BA1-7F65-3544-96B9-AC020468BF1C} = {44408BA1-7F65-3544-96B9-AC020468BF1C}
		{816361A3-1D98-3A2B-88D3-08378BD3392E} = {816361A3-1D98-3A2B-88D3-08378BD3392E}
		{B378CCB4-5EB0-31EC-9497-84F5642EEC7D} = {B378CCB4-5EB0-31EC-9497-84F5642EEC7D}
		{C5C74BB5-E9E8-355F-93BF-7220D8911379} = {C5C74BB5-E9E8-355F-93BF-7220D8911379}
		{E11B78C1-ADD5-3FE8-B0C3-A068D60400DE} = {E11B78C1-ADD5-3FE8-B0C3-A068D60400DE}
		{C9FF9FC3-7401-3745-ADE0-9BF60B9C8808} = {C9FF9FC3-7401-3745-ADE0-9BF60B9C8808}
		{494D8ECB-485F-30DB-9F74-87A8435D1780} = {494D8ECB-485F-30DB-9F74-87A8435D1780}
		{C148DCCB-880C-3F33-9B8A-57311AEAB324} = {C148DCCB-880C-3F33-9B8A-57311AEAB324}
		{524214D4-9DAD-3AF3-952C-88A73F2BE264} = {524214D4-9DAD-3AF3-952C-88A73F2BE264}
		{D86B43E1-FF71-3347-A3F0-DAC808326608} = {D86B43E1-FF71-3347-A3F0-DAC808326608}
		{E7D753E3-FCA2-3AF5-BB19-DA0106D4BE95} = {E7D753E3-FCA2-3AF5-BB19-DA0106D4BE95}
		{3DBC25FE-7B98-3747-988C-CC3B36C6D792} = {3DBC25FE-7B98-3747-988C-CC3B36C6D792}
	EndProjectSection
EndProject
Project("{8BC9CEB8-8B4A-11D0-8D11-00A0C91BC942}") = "INSTALL", "INSTALL.vcxproj", "{C2A57BC1-CB63-35CC-AA3E-D475D56101D5}"
	ProjectSection(ProjectDependencies) = postProject
		{31E057BD-4367-3DA0-A3F4-A559E34EE51D} = {31E057BD-4367-3DA0-A3F4-A559E34EE51D}
		{C148DCCB-880C-3F33-9B8A-57311AEAB324} = {C148DCCB-880C-3F33-9B8A-57311AEAB324}
	EndProjectSection
EndProject
Project("{8BC9CEB8-8B4A-11D0-8D11-00A0C91BC942}") = "ZERO_CHECK", "ZERO_CHECK.vcxproj", "{C148DCCB-880C-3F33-9B8A-57311AEAB324}"
EndProject
Project("{8BC9CEB8-8B4A-11D0-8D11-00A0C91BC942}") = "atmo", "atmo\examples\atmo\atmo.vcxproj", "{494D8ECB-485F-30DB-9F74-87A8435D1780}"
EndProject
Project("{8BC9CEB8-8B4A-11D0-8D11-00A0C91BC942}") = "core-helloworld", "core\examples\helloworld\core-helloworld.vcxproj", "{3D2CAD92-FAA2-34A6-828F-A7F341F1C8FC}"
	ProjectSection(ProjectDependencies) = postProject
		{C148DCCB-880C-3F33-9B8A-57311AEAB324} = {C148DCCB-880C-3F33-9B8A-57311AEAB324}
	EndProjectSection
EndProject
Project("{8BC9CEB8-8B4A-11D0-8D11-00A0C91BC942}") = "demo", "demo\demo.vcxproj", "{B378CCB4-5EB0-31EC-9497-84F5642EEC7D}"
	ProjectSection(ProjectDependencies) = postProject
		{C148DCCB-880C-3F33-9B8A-57311AEAB324} = {C148DCCB-880C-3F33-9B8A-57311AEAB324}
	EndProjectSection
EndProject
Project("{8BC9CEB8-8B4A-11D0-8D11-00A0C91BC942}") = "edit1", "edit\examples\edit1\edit1.vcxproj", "{2CF02D37-9744-3D34-9A58-D1DC2BBF5D08}"
	ProjectSection(ProjectDependencies) = postProject
		{55F61F17-7647-36E1-9623-B5D9733F0B73} = {55F61F17-7647-36E1-9623-B5D9733F0B73}
		{1F82863E-0CA3-3CE9-9644-C7B0F51843B8} = {1F82863E-0CA3-3CE9-9644-C7B0F51843B8}
		{11F4E340-209C-3164-BB0C-E84B6C9FB8FA} = {11F4E340-209C-3164-BB0C-E84B6C9FB8FA}
		{EA25CB7F-DE50-39F5-A907-10374614CA72} = {EA25CB7F-DE50-39F5-A907-10374614CA72}
		{44408BA1-7F65-3544-96B9-AC020468BF1C} = {44408BA1-7F65-3544-96B9-AC020468BF1C}
		{C148DCCB-880C-3F33-9B8A-57311AEAB324} = {C148DCCB-880C-3F33-9B8A-57311AEAB324}
		{524214D4-9DAD-3AF3-952C-88A73F2BE264} = {524214D4-9DAD-3AF3-952C-88A73F2BE264}
		{D86B43E1-FF71-3347-A3F0-DAC808326608} = {D86B43E1-FF71-3347-A3F0-DAC808326608}
	EndProjectSection
EndProject
Project("{8BC9CEB8-8B4A-11D0-8D11-00A0C91BC942}") = "edit2", "edit\examples\edit2\edit2.vcxproj", "{2F42AB36-89D4-3F26-8C22-D95393C28B52}"
	ProjectSection(ProjectDependencies) = postProject
		{55F61F17-7647-36E1-9623-B5D9733F0B73} = {55F61F17-7647-36E1-9623-B5D9733F0B73}
		{1F82863E-0CA3-3CE9-9644-C7B0F51843B8} = {1F82863E-0CA3-3CE9-9644-C7B0F51843B8}
		{11F4E340-209C-3164-BB0C-E84B6C9FB8FA} = {11F4E340-209C-3164-BB0C-E84B6C9FB8FA}
		{EA25CB7F-DE50-39F5-A907-10374614CA72} = {EA25CB7F-DE50-39F5-A907-10374614CA72}
		{44408BA1-7F65-3544-96B9-AC020468BF1C} = {44408BA1-7F65-3544-96B9-AC020468BF1C}
		{C148DCCB-880C-3F33-9B8A-57311AEAB324} = {C148DCCB-880C-3F33-9B8A-57311AEAB324}
		{524214D4-9DAD-3AF3-952C-88A73F2BE264} = {524214D4-9DAD-3AF3-952C-88A73F2BE264}
		{D86B43E1-FF71-3347-A3F0-DAC808326608} = {D86B43E1-FF71-3347-A3F0-DAC808326608}
	EndProjectSection
EndProject
Project("{8BC9CEB8-8B4A-11D0-8D11-00A0C91BC942}") = "edit3", "edit\examples\edit3\edit3.vcxproj", "{2D236062-91A0-3CAD-ACED-4051AC6E5F4D}"
	ProjectSection(ProjectDependencies) = postProject
		{55F61F17-7647-36E1-9623-B5D9733F0B73} = {55F61F17-7647-36E1-9623-B5D9733F0B73}
		{1F82863E-0CA3-3CE9-9644-C7B0F51843B8} = {1F82863E-0CA3-3CE9-9644-C7B0F51843B8}
		{11F4E340-209C-3164-BB0C-E84B6C9FB8FA} = {11F4E340-209C-3164-BB0C-E84B6C9FB8FA}
		{EA25CB7F-DE50-39F5-A907-10374614CA72} = {EA25CB7F-DE50-39F5-A907-10374614CA72}
		{44408BA1-7F65-3544-96B9-AC020468BF1C} = {44408BA1-7F65-3544-96B9-AC020468BF1C}
		{C148DCCB-880C-3F33-9B8A-57311AEAB324} = {C148DCCB-880C-3F33-9B8A-57311AEAB324}
		{524214D4-9DAD-3AF3-952C-88A73F2BE264} = {524214D4-9DAD-3AF3-952C-88A73F2BE264}
		{D86B43E1-FF71-3347-A3F0-DAC808326608} = {D86B43E1-FF71-3347-A3F0-DAC808326608}
	EndProjectSection
EndProject
Project("{8BC9CEB8-8B4A-11D0-8D11-00A0C91BC942}") = "edit4", "edit\examples\edit4\edit4.vcxproj", "{AA627038-221C-3630-BF1D-8AF020CB844E}"
	ProjectSection(ProjectDependencies) = postProject
		{55F61F17-7647-36E1-9623-B5D9733F0B73} = {55F61F17-7647-36E1-9623-B5D9733F0B73}
		{1F82863E-0CA3-3CE9-9644-C7B0F51843B8} = {1F82863E-0CA3-3CE9-9644-C7B0F51843B8}
		{11F4E340-209C-3164-BB0C-E84B6C9FB8FA} = {11F4E340-209C-3164-BB0C-E84B6C9FB8FA}
		{EA25CB7F-DE50-39F5-A907-10374614CA72} = {EA25CB7F-DE50-39F5-A907-10374614CA72}
		{44408BA1-7F65-3544-96B9-AC020468BF1C} = {44408BA1-7F65-3544-96B9-AC020468BF1C}
		{C148DCCB-880C-3F33-9B8A-57311AEAB324} = {C148DCCB-880C-3F33-9B8A-57311AEAB324}
		{524214D4-9DAD-3AF3-952C-88A73F2BE264} = {524214D4-9DAD-3AF3-952C-88A73F2BE264}
		{D86B43E1-FF71-3347-A3F0-DAC808326608} = {D86B43E1-FF71-3347-A3F0-DAC808326608}
	EndProjectSection
EndProject
Project("{8BC9CEB8-8B4A-11D0-8D11-00A0C91BC942}") = "graph1", "graph\examples\graph1\graph1.vcxproj", "{C9FF9FC3-7401-3745-ADE0-9BF60B9C8808}"
	ProjectSection(ProjectDependencies) = postProject
		{55F61F17-7647-36E1-9623-B5D9733F0B73} = {55F61F17-7647-36E1-9623-B5D9733F0B73}
		{11F4E340-209C-3164-BB0C-E84B6C9FB8FA} = {11F4E340-209C-3164-BB0C-E84B6C9FB8FA}
		{EA25CB7F-DE50-39F5-A907-10374614CA72} = {EA25CB7F-DE50-39F5-A907-10374614CA72}
		{44408BA1-7F65-3544-96B9-AC020468BF1C} = {44408BA1-7F65-3544-96B9-AC020468BF1C}
		{C148DCCB-880C-3F33-9B8A-57311AEAB324} = {C148DCCB-880C-3F33-9B8A-57311AEAB324}
		{524214D4-9DAD-3AF3-952C-88A73F2BE264} = {524214D4-9DAD-3AF3-952C-88A73F2BE264}
	EndProjectSection
EndProject
Project("{8BC9CEB8-8B4A-11D0-8D11-00A0C91BC942}") = "ocean1", "ocean\examples\ocean1\ocean1.vcxproj", "{C5C74BB5-E9E8-355F-93BF-7220D8911379}"
	ProjectSection(ProjectDependencies) = postProject
		{AC6CFA31-EEAA-3A90-ADCC-B436F4B44FD0} = {AC6CFA31-EEAA-3A90-ADCC-B436F4B44FD0}
		{11F4E340-209C-3164-BB0C-E84B6C9FB8FA} = {11F4E340-209C-3164-BB0C-E84B6C9FB8FA}
		{2373E577-FA1D-3631-9539-AB72F20A5AA1} = {2373E577-FA1D-3631-9539-AB72F20A5AA1}
		{EA25CB7F-DE50-39F5-A907-10374614CA72} = {EA25CB7F-DE50-39F5-A907-10374614CA72}
		{C148DCCB-880C-3F33-9B8A-57311AEAB324} = {C148DCCB-880C-3F33-9B8A-57311AEAB324}
		{524214D4-9DAD-3AF3-952C-88A73F2BE264} = {524214D4-9DAD-3AF3-952C-88A73F2BE264}
	EndProjectSection
EndProject
Project("{8BC9CEB8-8B4A-11D0-8D11-00A0C91BC942}") = "ocean2", "ocean\examples\ocean2\ocean2.vcxproj", "{B00AD509-3605-3D6D-9F55-FE37D4908450}"
	ProjectSection(ProjectDependencies) = postProject
		{AC6CFA31-EEAA-3A90-ADCC-B436F4B44FD0} = {AC6CFA31-EEAA-3A90-ADCC-B436F4B44FD0}
		{11F4E340-209C-3164-BB0C-E84B6C9FB8FA} = {11F4E340-209C-3164-BB0C-E84B6C9FB8FA}
		{2373E577-FA1D-3631-9539-AB72F20A5AA1} = {2373E577-FA1D-3631-9539-AB72F20A5AA1}
		{EA25CB7F-DE50-39F5-A907-10374614CA72} = {EA25CB7F-DE50-39F5-A907-10374614CA72}
		{C148DCCB-880C-3F33-9B8A-57311AEAB324} = {C148DCCB-880C-3F33-9B8A-57311AEAB324}
		{524214D4-9DAD-3AF3-952C-88A73F2BE264} = {524214D4-9DAD-3AF3-952C-88A73F2BE264}
	EndProjectSection
EndProject
Project("{8BC9CEB8-8B4A-11D0-8D11-00A0C91BC942}") = "preprocess", "terrain\examples\preprocess\preprocess.vcxproj", "{3DBC25FE-7B98-3747-988C-CC3B36C6D792}"
	ProjectSection(ProjectDependencies) = postProject
		{11F4E340-209C-3164-BB0C-E84B6C9FB8FA} = {11F4E340-209C-3164-BB0C-E84B6C9FB8FA}
		{EA25CB7F-DE50-39F5-A907-10374614CA72} = {EA25CB7F-DE50-39F5-A907-10374614CA72}
		{44408BA1-7F65-3544-96B9-AC020468BF1C} = {44408BA1-7F65-3544-96B9-AC020468BF1C}
		{C148DCCB-880C-3F33-9B8A-57311AEAB324} = {C148DCCB-880C-3F33-9B8A-57311AEAB324}
		{524214D4-9DAD-3AF3-952C-88A73F2BE264} = {524214D4-9DAD-3AF3-952C-88A73F2BE264}
	EndProjectSection
EndProject
Project("{8BC9CEB8-8B4A-11D0-8D11-00A0C91BC942}") = "preprocess2", "terrain\examples\preprocess2\preprocess2.vcxproj", "{816361A3-1D98-3A2B-88D3-08378BD3392E}"
	ProjectSection(ProjectDependencies) = postProject
		{11F4E340-209C-3164-BB0C-E84B6C9FB8FA} = {11F4E340-209C-3164-BB0C-E84B6C9FB8FA}
		{EA25CB7F-DE50-39F5-A907-10374614CA72} = {EA25CB7F-DE50-39F5-A907-10374614CA72}
		{44408BA1-7F65-3544-96B9-AC020468BF1C} = {44408BA1-7F65-3544-96B9-AC020468BF1C}
		{C148DCCB-880C-3F33-9B8A-57311AEAB324} = {C148DCCB-880C-3F33-9B8A-57311AEAB324}
		{524214D4-9DAD-3AF3-952C-88A73F2BE264} = {524214D4-9DAD-3AF3-952C-88A73F2BE264}
	EndProjectSection
EndProject
Project("{8BC9CEB8-8B4A-11D0-8D11-00A0C91BC942}") = "proland-atmo", "atmo\sources\proland\proland-atmo.vcxproj", "{AC6CFA31-EEAA-3A90-ADCC-B436F4B44FD0}"
	ProjectSection(ProjectDependencies) = postProject
		{C148DCCB-880C-3F33-9B8A-57311AEAB324} = {C148DCCB-880C-3F33-9B8A-57311AEAB324}
	EndProjectSection
EndProject
Project("{8BC9CEB8-8B4A-11D0-8D11-00A0C91BC942}") = "proland-core", "core\sources\proland\proland-core.vcxproj", "{11F4E340-209C-3164-BB0C-E84B6C9FB8FA}"
EndProject
Project("{8BC9CEB8-8B4A-11D0-8D11-00A0C91BC942}") = "proland-edit", "edit\sources\proland\proland-edit.vcxproj", "{1F82863E-0CA3-3CE9-9644-C7B0F51843B8}"
	ProjectSection(ProjectDependencies) = postProject
		{C148DCCB-880C-3F33-9B8A-57311AEAB324} = {C148DCCB-880C-3F33-9B8A-57311AEAB324}
	EndProjectSection
EndProject
Project("{8BC9CEB8-8B4A-11D0-8D11-00A0C91BC942}") = "proland-forest", "forest\sources\proland\proland-forest.vcxproj", "{A3A77892-D47E-3AF8-A890-FB3C286D46D1}"
	ProjectSection(ProjectDependencies) = postProject
		{C148DCCB-880C-3F33-9B8A-57311AEAB324} = {C148DCCB-880C-3F33-9B8A-57311AEAB324}
	EndProjectSection
EndProject
Project("{8BC9CEB8-8B4A-11D0-8D11-00A0C91BC942}") = "proland-graph", "graph\sources\proland\proland-graph.vcxproj", "{55F61F17-7647-36E1-9623-B5D9733F0B73}"
	ProjectSection(ProjectDependencies) = postProject
		{C148DCCB-880C-3F33-9B8A-57311AEAB324} = {C148DCCB-880C-3F33-9B8A-57311AEAB324}
	EndProjectSection
EndProject
Project("{8BC9CEB8-8B4A-11D0-8D11-00A0C91BC942}") = "proland-ocean", "ocean\sources\proland\proland-ocean.vcxproj", "{2373E577-FA1D-3631-9539-AB72F20A5AA1}"
	ProjectSection(ProjectDependencies) = postProject
		{C148DCCB-880C-3F33-9B8A-57311AEAB324} = {C148DCCB-880C-3F33-9B8A-57311AEAB324}
	EndProjectSection
EndProject
Project("{8BC9CEB8-8B4A-11D0-8D11-00A0C91BC942}") = "proland-river", "river\sources\proland\proland-river.vcxproj", "{D86B43E1-FF71-3347-A3F0-DAC808326608}"
	ProjectSection(ProjectDependencies) = postProject
		{C148DCCB-880C-3F33-9B8A-57311AEAB324} = {C148DCCB-880C-3F33-9B8A-57311AEAB324}
	EndProjectSection
EndProject
Project("{8BC9CEB8-8B4A-11D0-8D11-00A0C91BC942}") = "proland-terrain", "terrain\sources\proland\proland-terrain.vcxproj", "{44408BA1-7F65-3544-96B9-AC020468BF1C}"
	ProjectSection(ProjectDependencies) = postProject
		{C148DCCB-880C-3F33-9B8A-57311AEAB324} = {C148DCCB-880C-3F33-9B8A-57311AEAB324}
	EndProjectSection
EndProject
Project("{8BC9CEB8-8B4A-11D0-8D11-00A0C91BC942}") = "river1", "river\examples\river1\river1.vcxproj", "{4FF5B399-54C4-3F2E-8BAE-D4433AFB9451}"
	ProjectSection(ProjectDependencies) = postProject
		{55F61F17-7647-36E1-9623-B5D9733F0B73} = {55F61F17-7647-36E1-9623-B5D9733F0B73}
		{11F4E340-209C-3164-BB0C-E84B6C9FB8FA} = {11F4E340-209C-3164-BB0C-E84B6C9FB8FA}
		{EA25CB7F-DE50-39F5-A907-10374614CA72} = {EA25CB7F-DE50-39F5-A907-10374614CA72}
		{44408BA1-7F65-3544-96B9-AC020468BF1C} = {44408BA1-7F65-3544-96B9-AC020468BF1C}
		{C148DCCB-880C-3F33-9B8A-57311AEAB324} = {C148DCCB-880C-3F33-9B8A-57311AEAB324}
		{524214D4-9DAD-3AF3-952C-88A73F2BE264} = {524214D4-9DAD-3AF3-952C-88A73F2BE264}
		{D86B43E1-FF71-3347-A3F0-DAC808326608} = {D86B43E1-FF71-3347-A3F0-DAC808326608}
	EndProjectSection
EndProject
Project("{8BC9CEB8-8B4A-11D0-8D11-00A0C91BC942}") = "stb_image", "libraries\stbi\stb_image.vcxproj", "{524214D4-9DAD-3AF3-952C-88A73F2BE264}"
	ProjectSection(ProjectDependencies) = postProject
		{C148DCCB-880C-3F33-9B8A-57311AEAB324} = {C148DCCB-880C-3F33-9B8A-57311AEAB324}
	EndProjectSection
EndProject
Project("{8BC9CEB8-8B4A-11D0-8D11-00A0C91BC942}") = "terrain1", "terrain\examples\terrain1\terrain1.vcxproj", "{7C1BDA76-06FF-3381-8EC6-9F853D1D42B4}"
	ProjectSection(ProjectDependencies) = postProject
		{11F4E340-209C-3164-BB0C-E84B6C9FB8FA} = {11F4E340-209C-3164-BB0C-E84B6C9FB8FA}
		{EA25CB7F-DE50-39F5-A907-10374614CA72} = {EA25CB7F-DE50-39F5-A907-10374614CA72}
		{44408BA1-7F65-3544-96B9-AC020468BF1C} = {44408BA1-7F65-3544-96B9-AC020468BF1C}
		{C148DCCB-880C-3F33-9B8A-57311AEAB324} = {C148DCCB-880C-3F33-9B8A-57311AEAB324}
		{524214D4-9DAD-3AF3-952C-88A73F2BE264} = {524214D4-9DAD-3AF3-952C-88A73F2BE264}
	EndProjectSection
EndProject
Project("{8BC9CEB8-8B4A-11D0-8D11-00A0C91BC942}") = "terrain2", "terrain\examples\terrain2\terrain2.vcxproj", "{E7D753E3-FCA2-3AF5-BB19-DA0106D4BE95}"
	ProjectSection(ProjectDependencies) = postProject
		{11F4E340-209C-3164-BB0C-E84B6C9FB8FA} = {11F4E340-209C-3164-BB0C-E84B6C9FB8FA}
		{EA25CB7F-DE50-39F5-A907-10374614CA72} = {EA25CB7F-DE50-39F5-A907-10374614CA72}
		{44408BA1-7F65-3544-96B9-AC020468BF1C} = {44408BA1-7F65-3544-96B9-AC020468BF1C}
		{C148DCCB-880C-3F33-9B8A-57311AEAB324} = {C148DCCB-880C-3F33-9B8A-57311AEAB324}
		{524214D4-9DAD-3AF3-952C-88A73F2BE264} = {524214D4-9DAD-3AF3-952C-88A73F2BE264}
	EndProjectSection
EndProject
Project("{8BC9CEB8-8B4A-11D0-8D11-00A0C91BC942}") = "terrain3", "terrain\examples\terrain3\terrain3.vcxproj", "{CEA81932-F323-3EEB-B02F-17BB50DC722D}"
	ProjectSection(ProjectDependencies) = postProject
		{11F4E340-209C-3164-BB0C-E84B6C9FB8FA} = {11F4E340-209C-3164-BB0C-E84B6C9FB8FA}
		{EA25CB7F-DE50-39F5-A907-10374614CA72} = {EA25CB7F-DE50-39F5-A907-10374614CA72}
		{44408BA1-7F65-3544-96B9-AC020468BF1C} = {44408BA1-7F65-3544-96B9-AC020468BF1C}
		{C148DCCB-880C-3F33-9B8A-57311AEAB324} = {C148DCCB-880C-3F33-9B8A-57311AEAB324}
		{524214D4-9DAD-3AF3-952C-88A73F2BE264} = {524214D4-9DAD-3AF3-952C-88A73F2BE264}
	EndProjectSection
EndProject
Project("{8BC9CEB8-8B4A-11D0-8D11-00A0C91BC942}") = "terrain4", "terrain\examples\terrain4\terrain4.vcxproj", "{4F45026E-B54B-343D-B05D-8E5F44FCE41E}"
	ProjectSection(ProjectDependencies) = postProject
		{11F4E340-209C-3164-BB0C-E84B6C9FB8FA} = {11F4E340-209C-3164-BB0C-E84B6C9FB8FA}
		{EA25CB7F-DE50-39F5-A907-10374614CA72} = {EA25CB7F-DE50-39F5-A907-10374614CA72}
		{44408BA1-7F65-3544-96B9-AC020468BF1C} = {44408BA1-7F65-3544-96B9-AC020468BF1C}
		{C148DCCB-880C-3F33-9B8A-57311AEAB324} = {C148DCCB-880C-3F33-9B8A-57311AEAB324}
		{524214D4-9DAD-3AF3-952C-88A73F2BE264} = {524214D4-9DAD-3AF3-952C-88A73F2BE264}
	EndProjectSection
EndProject
Project("{8BC9CEB8-8B4A-11D0-8D11-00A0C91BC942}") = "terrain5", "terrain\examples\terrain5\terrain5.vcxproj", "{8516AD45-8DC9-3DAE-85A8-CB9AE4C6B493}"
	ProjectSection(ProjectDependencies) = postProject
		{11F4E340-209C-3164-BB0C-E84B6C9FB8FA} = {11F4E340-209C-3164-BB0C-E84B6C9FB8FA}
		{EA25CB7F-DE50-39F5-A907-10374614CA72} = {EA25CB7F-DE50-39F5-A907-10374614CA72}
		{44408BA1-7F65-3544-96B9-AC020468BF1C} = {44408BA1-7F65-3544-96B9-AC020468BF1C}
		{C148DCCB-880C-3F33-9B8A-57311AEAB324} = {C148DCCB-880C-3F33-9B8A-57311AEAB324}
		{524214D4-9DAD-3AF3-952C-88A73F2BE264} = {524214D4-9DAD-3AF3-952C-88A73F2BE264}
	EndProjectSection
EndProject
Project("{8BC9CEB8-8B4A-11D0-8D11-00A0C91BC942}") = "tinyxml", "libraries\tinyxml\tinyxml.vcxproj", "{EA25CB7F-DE50-39F5-A907-10374614CA72}"
	ProjectSection(ProjectDependencies) = postProject
		{C148DCCB-880C-3F33-9B8A-57311AEAB324} = {C148DCCB-880C-3F33-9B8A-57311AEAB324}
	EndProjectSection
EndProject
Project("{8BC9CEB8-8B4A-11D0-8D11-00A0C91BC942}") = "trees1", "forest\examples\trees1\trees1.vcxproj", "{9F1A3358-AA18-3168-8B39-B3315135F6F8}"
	ProjectSection(ProjectDependencies) = postProject
		{11F4E340-209C-3164-BB0C-E84B6C9FB8FA} = {11F4E340-209C-3164-BB0C-E84B6C9FB8FA}
		{EA25CB7F-DE50-39F5-A907-10374614CA72} = {EA25CB7F-DE50-39F5-A907-10374614CA72}
		{A3A77892-D47E-3AF8-A890-FB3C286D46D1} = {A3A77892-D47E-3AF8-A890-FB3C286D46D1}
		{44408BA1-7F65-3544-96B9-AC020468BF1C} = {44408BA1-7F65-3544-96B9-AC020468BF1C}
		{C148DCCB-880C-3F33-9B8A-57311AEAB324} = {C148DCCB-880C-3F33-9B8A-57311AEAB324}
		{524214D4-9DAD-3AF3-952C-88A73F2BE264} = {524214D4-9DAD-3AF3-952C-88A73F2BE264}
	EndProjectSection
EndProject
Project("{8BC9CEB8-8B4A-11D0-8D11-00A0C91BC942}") = "twbartest", "core\examples\twbartest\twbartest.vcxproj", "{E11B78C1-ADD5-3FE8-B0C3-A068D60400DE}"
	ProjectSection(ProjectDependencies) = postProject
		{11F4E340-209C-3164-BB0C-E84B6C9FB8FA} = {11F4E340-209C-3164-BB0C-E84B6C9FB8FA}
		{EA25CB7F-DE50-39F5-A907-10374614CA72} = {EA25CB7F-DE50-39F5-A907-10374614CA72}
		{C148DCCB-880C-3F33-9B8A-57311AEAB324} = {C148DCCB-880C-3F33-9B8A-57311AEAB324}
		{524214D4-9DAD-3AF3-952C-88A73F2BE264} = {524214D4-9DAD-3AF3-952C-88A73F2BE264}
	EndProjectSection
EndProject
Global
	GlobalSection(SolutionConfigurationPlatforms) = preSolution
		Debug|Win32 = Debug|Win32
	EndGlobalSection
	GlobalSection(ProjectConfigurationPlatforms) = postSolution
		{31E057BD-4367-3DA0-A3F4-A559E34EE51D}.Debug|Win32.ActiveCfg = Debug|Win32
		{31E057BD-4367-3DA0-A3F4-A559E34EE51D}.Debug|Win32.Build.0 = Debug|Win32
		{C2A57BC1-CB63-35CC-AA3E-D475D56101D5}.Debug|Win32.ActiveCfg = Debug|Win32
		{C148DCCB-880C-3F33-9B8A-57311AEAB324}.Debug|Win32.ActiveCfg = Debug|Win32
		{494D8ECB-485F-30DB-9F74-87A8435D1780}.Debug|Win32.ActiveCfg = Debug|Win32
		{3D2CAD92-FAA2-34A6-828F-A7F341F1C8FC}.Debug|Win32.ActiveCfg = Debug|Win32
		{3D2CAD92-FAA2-34A6-828F-A7F341F1C8FC}.Debug|Win32.Build.0 = Debug|Win32
		{B378CCB4-5EB0-31EC-9497-84F5642EEC7D}.Debug|Win32.ActiveCfg = Debug|Win32
		{B378CCB4-5EB0-31EC-9497-84F5642EEC7D}.Debug|Win32.Build.0 = Debug|Win32
		{2CF02D37-9744-3D34-9A58-D1DC2BBF5D08}.Debug|Win32.ActiveCfg = Debug|Win32
		{2CF02D37-9744-3D34-9A58-D1DC2BBF5D08}.Debug|Win32.Build.0 = Debug|Win32
		{2F42AB36-89D4-3F26-8C22-D95393C28B52}.Debug|Win32.ActiveCfg = Debug|Win32
		{2F42AB36-89D4-3F26-8C22-D95393C28B52}.Debug|Win32.Build.0 = Debug|Win32
		{2D236062-91A0-3CAD-ACED-4051AC6E5F4D}.Debug|Win32.ActiveCfg = Debug|Win32
		{2D236062-91A0-3CAD-ACED-4051AC6E5F4D}.Debug|Win32.Build.0 = Debug|Win32
		{AA627038-221C-3630-BF1D-8AF020CB844E}.Debug|Win32.ActiveCfg = Debug|Win32
		{AA627038-221C-3630-BF1D-8AF020CB844E}.Debug|Win32.Build.0 = Debug|Win32
		{C9FF9FC3-7401-3745-ADE0-9BF60B9C8808}.Debug|Win32.ActiveCfg = Debug|Win32
		{C9FF9FC3-7401-3745-ADE0-9BF60B9C8808}.Debug|Win32.Build.0 = Debug|Win32
		{C5C74BB5-E9E8-355F-93BF-7220D8911379}.Debug|Win32.ActiveCfg = Debug|Win32
		{C5C74BB5-E9E8-355F-93BF-7220D8911379}.Debug|Win32.Build.0 = Debug|Win32
		{B00AD509-3605-3D6D-9F55-FE37D4908450}.Debug|Win32.ActiveCfg = Debug|Win32
		{B00AD509-3605-3D6D-9F55-FE37D4908450}.Debug|Win32.Build.0 = Debug|Win32
		{3DBC25FE-7B98-3747-988C-CC3B36C6D792}.Debug|Win32.ActiveCfg = Debug|Win32
		{3DBC25FE-7B98-3747-988C-CC3B36C6D792}.Debug|Win32.Build.0 = Debug|Win32
		{816361A3-1D98-3A2B-88D3-08378BD3392E}.Debug|Win32.ActiveCfg = Debug|Win32
		{816361A3-1D98-3A2B-88D3-08378BD3392E}.Debug|Win32.Build.0 = Debug|Win32
		{AC6CFA31-EEAA-3A90-ADCC-B436F4B44FD0}.Debug|Win32.ActiveCfg = Debug|Win32
		{AC6CFA31-EEAA-3A90-ADCC-B436F4B44FD0}.Debug|Win32.Build.0 = Debug|Win32
		{11F4E340-209C-3164-BB0C-E84B6C9FB8FA}.Debug|Win32.ActiveCfg = Debug|Win32
		{11F4E340-209C-3164-BB0C-E84B6C9FB8FA}.Debug|Win32.Build.0 = Debug|Win32
		{1F82863E-0CA3-3CE9-9644-C7B0F51843B8}.Debug|Win32.ActiveCfg = Debug|Win32
		{1F82863E-0CA3-3CE9-9644-C7B0F51843B8}.Debug|Win32.Build.0 = Debug|Win32
		{A3A77892-D47E-3AF8-A890-FB3C286D46D1}.Debug|Win32.ActiveCfg = Debug|Win32
		{A3A77892-D47E-3AF8-A890-FB3C286D46D1}.Debug|Win32.Build.0 = Debug|Win32
		{55F61F17-7647-36E1-9623-B5D9733F0B73}.Debug|Win32.ActiveCfg = Debug|Win32
		{55F61F17-7647-36E1-9623-B5D9733F0B73}.Debug|Win32.Build.0 = Debug|Win32
		{2373E577-FA1D-3631-9539-AB72F20A5AA1}.Debug|Win32.ActiveCfg = Debug|Win32
		{2373E577-FA1D-3631-9539-AB72F20A5AA1}.Debug|Win32.Build.0 = Debug|Win32
		{D86B43E1-FF71-3347-A3F0-DAC808326608}.Debug|Win32.ActiveCfg = Debug|Win32
		{D86B43E1-FF71-3347-A3F0-DAC808326608}.Debug|Win32.Build.0 = Debug|Win32
		{44408BA1-7F65-3544-96B9-AC020468BF1C}.Debug|Win32.ActiveCfg = Debug|Win32
		{44408BA1-7F65-3544-96B9-AC020468BF1C}.Debug|Win32.Build.0 = Debug|Win32
		{4FF5B399-54C4-3F2E-8BAE-D4433AFB9451}.Debug|Win32.ActiveCfg = Debug|Win32
		{4FF5B399-54C4-3F2E-8BAE-D4433AFB9451}.Debug|Win32.Build.0 = Debug|Win32
		{524214D4-9DAD-3AF3-952C-88A73F2BE264}.Debug|Win32.ActiveCfg = Debug|Win32
		{524214D4-9DAD-3AF3-952C-88A73F2BE264}.Debug|Win32.Build.0 = Debug|Win32
		{7C1BDA76-06FF-3381-8EC6-9F853D1D42B4}.Debug|Win32.ActiveCfg = Debug|Win32
		{7C1BDA76-06FF-3381-8EC6-9F853D1D42B4}.Debug|Win32.Build.0 = Debug|Win32
		{E7D753E3-FCA2-3AF5-BB19-DA0106D4BE95}.Debug|Win32.ActiveCfg = Debug|Win32
		{E7D753E3-FCA2-3AF5-BB19-DA0106D4BE95}.Debug|Win32.Build.0 = Debug|Win32
		{CEA81932-F323-3EEB-B02F-17BB50DC722D}.Debug|Win32.ActiveCfg = Debug|Win32
		{CEA81932-F323-3EEB-B02F-17BB50DC722D}.Debug|Win32.Build.0 = Debug|Win32
		{4F45026E-B54B-343D-B05D-8E5F44FCE41E}.Debug|Win32.ActiveCfg = Debug|Win32
		{4F45026E-B54B-343D-B05D-8E5F44FCE41E}.Debug|Win32.Build.0 = Debug|Win32
		{8516AD45-8DC9-3DAE-85A8-CB9AE4C6B493}.Debug|Win32.ActiveCfg = Debug|Win32
		{8516AD45-8DC9-3DAE-85A8-CB9AE4C6B493}.Debug|Win32.Build.0 = Debug|Win32
		{EA25CB7F-DE50-39F5-A907-10374614CA72}.Debug|Win32.ActiveCfg = Debug|Win32
		{EA25CB7F-DE50-39F5-A907-10374614CA72}.Debug|Win32.Build.0 = Debug|Win32
		{9F1A3358-AA18-3168-8B39-B3315135F6F8}.Debug|Win32.ActiveCfg = Debug|Win32
		{9F1A3358-AA18-3168-8B39-B3315135F6F8}.Debug|Win32.Build.0 = Debug|Win32
		{E11B78C1-ADD5-3FE8-B0C3-A068D60400DE}.Debug|Win32.ActiveCfg = Debug|Win32
		{E11B78C1-ADD5-3FE8-B0C3-A068D60400DE}.Debug|Win32.Build.0 = Debug|Win32
	EndGlobalSection
	GlobalSection(SolutionProperties) = preSolution
		HideSolutionNode = FALSE
	EndGlobalSection
	GlobalSection(ExtensibilityGlobals) = postSolution
		SolutionGuid = {2090C82E-2E24-3459-A568-E33851D638AA}
	EndGlobalSection
EndGlobal
